
Microsoft Visual Studio Solution File, Format Version 12.00
# Visual Studio Version 16
VisualStudioVersion = 16.0.30503.244
MinimumVisualStudioVersion = 10.0.40219.1
Project("{9A19103F-16F7-4668-BE54-9A1E7A4F7556}") = "CrackingTheCodingInterview.Tests", "Tests\CrackingTheCodingInterview.Tests.csproj", "{7AB3FEA8-5E31-4E61-A72C-7EF99C1CFF65}"
EndProject
Project("{9A19103F-16F7-4668-BE54-9A1E7A4F7556}") = "CrackingTheCodingInterview.Problems", "Problems\CrackingTheCodingInterview.Problems.csproj", "{34B8F755-CE7C-4C72-8414-A1F7566696D5}"
EndProject
Project("{9A19103F-16F7-4668-BE54-9A1E7A4F7556}") = "CrackingTheCodingInterview.Benchmarks", "Benchmarks\CrackingTheCodingInterview.Benchmarks.csproj", "{74FCCCF7-A638-4DC0-8CDE-4307EA6F8CBA}"
EndProject
Project("{2150E333-8FDC-42A3-9474-1A3956D46DE8}") = "Solution Items", "Solution Items", "{0D1F3818-C9F2-418A-B3D6-4CAEF0FC80D0}"
	ProjectSection(SolutionItems) = preProject
		.editorconfig = .editorconfig
		CodeAnalysis.ruleset = CodeAnalysis.ruleset
		Directory.Build.props = Directory.Build.props
		stylecop.json = stylecop.json
	EndProjectSection
EndProject
Global
	GlobalSection(SolutionConfigurationPlatforms) = preSolution
		Debug|Any CPU = Debug|Any CPU
		Release|Any CPU = Release|Any CPU
	EndGlobalSection
	GlobalSection(ProjectConfigurationPlatforms) = postSolution
		{7AB3FEA8-5E31-4E61-A72C-7EF99C1CFF65}.Debug|Any CPU.ActiveCfg = Debug|Any CPU
		{7AB3FEA8-5E31-4E61-A72C-7EF99C1CFF65}.Debug|Any CPU.Build.0 = Debug|Any CPU
		{7AB3FEA8-5E31-4E61-A72C-7EF99C1CFF65}.Release|Any CPU.ActiveCfg = Release|Any CPU
		{7AB3FEA8-5E31-4E61-A72C-7EF99C1CFF65}.Release|Any CPU.Build.0 = Release|Any CPU
		{34B8F755-CE7C-4C72-8414-A1F7566696D5}.Debug|Any CPU.ActiveCfg = Debug|Any CPU
		{34B8F755-CE7C-4C72-8414-A1F7566696D5}.Debug|Any CPU.Build.0 = Debug|Any CPU
		{34B8F755-CE7C-4C72-8414-A1F7566696D5}.Release|Any CPU.ActiveCfg = Release|Any CPU
		{34B8F755-CE7C-4C72-8414-A1F7566696D5}.Release|Any CPU.Build.0 = Release|Any CPU
		{74FCCCF7-A638-4DC0-8CDE-4307EA6F8CBA}.Debug|Any CPU.ActiveCfg = Debug|Any CPU
		{74FCCCF7-A638-4DC0-8CDE-4307EA6F8CBA}.Debug|Any CPU.Build.0 = Debug|Any CPU
		{74FCCCF7-A638-4DC0-8CDE-4307EA6F8CBA}.Release|Any CPU.ActiveCfg = Release|Any CPU
		{74FCCCF7-A638-4DC0-8CDE-4307EA6F8CBA}.Release|Any CPU.Build.0 = Release|Any CPU
	EndGlobalSection
	GlobalSection(SolutionProperties) = preSolution
		HideSolutionNode = FALSE
	EndGlobalSection
	GlobalSection(ExtensibilityGlobals) = postSolution
		SolutionGuid = {6C1967A9-6DE8-408A-9CFB-196CC0E81BA0}
	EndGlobalSection
EndGlobal
